
Microsoft Visual Studio Solution File, Format Version 12.00
# Visual Studio 15
VisualStudioVersion = 15.0.27130.2026
MinimumVisualStudioVersion = 10.0.40219.1
Project("{8BC9CEB8-8B4A-11D0-8D11-00A0C91BC942}") = "Lab4Stuffs", "Lab4Stuffs\Lab4Stuffs.vcxproj", "{282C0C1F-335B-494B-B092-0D72891ED30C}"
EndProject
Global
	GlobalSection(SolutionConfigurationPlatforms) = preSolution
		Debug|x64 = Debug|x64
		Debug|x86 = Debug|x86
		Release|x64 = Release|x64
		Release|x86 = Release|x86
	EndGlobalSection
	GlobalSection(ProjectConfigurationPlatforms) = postSolution
		{282C0C1F-335B-494B-B092-0D72891ED30C}.Debug|x64.ActiveCfg = Debug|x64
		{282C0C1F-335B-494B-B092-0D72891ED30C}.Debug|x64.Build.0 = Debug|x64
		{282C0C1F-335B-494B-B092-0D72891ED30C}.Debug|x86.ActiveCfg = Debug|Win32
		{282C0C1F-335B-494B-B092-0D72891ED30C}.Debug|x86.Build.0 = Debug|Win32
		{282C0C1F-335B-494B-B092-0D72891ED30C}.Release|x64.ActiveCfg = Release|x64
		{282C0C1F-335B-494B-B092-0D72891ED30C}.Release|x64.Build.0 = Release|x64
		{282C0C1F-335B-494B-B092-0D72891ED30C}.Release|x86.ActiveCfg = Release|Win32
		{282C0C1F-335B-494B-B092-0D72891ED30C}.Release|x86.Build.0 = Release|Win32
	EndGlobalSection
	GlobalSection(SolutionProperties) = preSolution
		HideSolutionNode = FALSE
	EndGlobalSection
	GlobalSection(ExtensibilityGlobals) = postSolution
		SolutionGuid = {166C8F78-7BC2-40F7-9002-08870E9BDCDB}
	EndGlobalSection
EndGlobal
